
Microsoft Visual Studio Solution File, Format Version 12.00
# Visual Studio Version 17
VisualStudioVersion = 17.8.34511.84
MinimumVisualStudioVersion = 10.0.40219.1
Project("{FAE04EC0-301F-11D3-BF4B-00C04F79EFBC}") = "Project0001", "Project0001\Project0001.csproj", "{BD4BB143-53BC-4271-B53D-10823FDFB6AF}"
EndProject
Global
	GlobalSection(SolutionConfigurationPlatforms) = preSolution
		Debug|Any CPU = Debug|Any CPU
		Release|Any CPU = Release|Any CPU
	EndGlobalSection
	GlobalSection(ProjectConfigurationPlatforms) = postSolution
		{BD4BB143-53BC-4271-B53D-10823FDFB6AF}.Debug|Any CPU.ActiveCfg = Debug|Any CPU
		{BD4BB143-53BC-4271-B53D-10823FDFB6AF}.Debug|Any CPU.Build.0 = Debug|Any CPU
		{BD4BB143-53BC-4271-B53D-10823FDFB6AF}.Release|Any CPU.ActiveCfg = Release|Any CPU
		{BD4BB143-53BC-4271-B53D-10823FDFB6AF}.Release|Any CPU.Build.0 = Release|Any CPU
	EndGlobalSection
	GlobalSection(SolutionProperties) = preSolution
		HideSolutionNode = FALSE
	EndGlobalSection
	GlobalSection(ExtensibilityGlobals) = postSolution
		SolutionGuid = {138D3512-5F2C-4190-A211-1A10E864C957}
	EndGlobalSection
EndGlobal
